
Microsoft Visual Studio Solution File, Format Version 12.00
# Visual Studio Version 17
VisualStudioVersion = 17.1.32210.238
MinimumVisualStudioVersion = 10.0.40219.1
Project("{FAE04EC0-301F-11D3-BF4B-00C04F79EFBC}") = "KafeTekno.UI", "KafeTekno.UI\KafeTekno.UI.csproj", "{B09010EA-3BAE-47B5-AB13-FAE541F11E90}"
EndProject
Project("{FAE04EC0-301F-11D3-BF4B-00C04F79EFBC}") = "KafeTekno.DATA", "KafeTekno.DATA\KafeTekno.DATA.csproj", "{FBA308E9-E14C-4CC1-BBD6-8E73BE54F660}"
EndProject
Global
	GlobalSection(SolutionConfigurationPlatforms) = preSolution
		Debug|Any CPU = Debug|Any CPU
		Release|Any CPU = Release|Any CPU
	EndGlobalSection
	GlobalSection(ProjectConfigurationPlatforms) = postSolution
		{B09010EA-3BAE-47B5-AB13-FAE541F11E90}.Debug|Any CPU.ActiveCfg = Debug|Any CPU
		{B09010EA-3BAE-47B5-AB13-FAE541F11E90}.Debug|Any CPU.Build.0 = Debug|Any CPU
		{B09010EA-3BAE-47B5-AB13-FAE541F11E90}.Release|Any CPU.ActiveCfg = Release|Any CPU
		{B09010EA-3BAE-47B5-AB13-FAE541F11E90}.Release|Any CPU.Build.0 = Release|Any CPU
		{FBA308E9-E14C-4CC1-BBD6-8E73BE54F660}.Debug|Any CPU.ActiveCfg = Debug|Any CPU
		{FBA308E9-E14C-4CC1-BBD6-8E73BE54F660}.Debug|Any CPU.Build.0 = Debug|Any CPU
		{FBA308E9-E14C-4CC1-BBD6-8E73BE54F660}.Release|Any CPU.ActiveCfg = Release|Any CPU
		{FBA308E9-E14C-4CC1-BBD6-8E73BE54F660}.Release|Any CPU.Build.0 = Release|Any CPU
	EndGlobalSection
	GlobalSection(SolutionProperties) = preSolution
		HideSolutionNode = FALSE
	EndGlobalSection
	GlobalSection(ExtensibilityGlobals) = postSolution
		SolutionGuid = {BD2DBAFD-B0B9-42E9-9DA1-1A19C9DEAB94}
	EndGlobalSection
EndGlobal
